
Microsoft Visual Studio Solution File, Format Version 12.00
# Visual Studio Version 17
VisualStudioVersion = 17.9.34622.214
MinimumVisualStudioVersion = 10.0.40219.1
Project("{FAE04EC0-301F-11D3-BF4B-00C04F79EFBC}") = "CalSumaPromedio", "CalSumaPromedio\CalSumaPromedio.csproj", "{61B14D60-5955-442E-8DD1-5732A92D15B6}"
EndProject
Global
	GlobalSection(SolutionConfigurationPlatforms) = preSolution
		Debug|Any CPU = Debug|Any CPU
		Release|Any CPU = Release|Any CPU
	EndGlobalSection
	GlobalSection(ProjectConfigurationPlatforms) = postSolution
		{61B14D60-5955-442E-8DD1-5732A92D15B6}.Debug|Any CPU.ActiveCfg = Debug|Any CPU
		{61B14D60-5955-442E-8DD1-5732A92D15B6}.Debug|Any CPU.Build.0 = Debug|Any CPU
		{61B14D60-5955-442E-8DD1-5732A92D15B6}.Release|Any CPU.ActiveCfg = Release|Any CPU
		{61B14D60-5955-442E-8DD1-5732A92D15B6}.Release|Any CPU.Build.0 = Release|Any CPU
	EndGlobalSection
	GlobalSection(SolutionProperties) = preSolution
		HideSolutionNode = FALSE
	EndGlobalSection
	GlobalSection(ExtensibilityGlobals) = postSolution
		SolutionGuid = {19A2F26B-F17F-4CBD-9868-ECA111CDAA7B}
	EndGlobalSection
EndGlobal
